
Microsoft Visual Studio Solution File, Format Version 12.00
# Visual Studio Version 16
VisualStudioVersion = 16.0.33801.447
MinimumVisualStudioVersion = 10.0.40219.1
Project("{8BC9CEB8-8B4A-11D0-8D11-00A0C91BC942}") = "CGrondin_Midterm", "CGrondin_Midterm\CGrondin_Midterm.vcxproj", "{926756FB-1A4D-42B7-B030-9DEB90C3DD1A}"
EndProject
Global
	GlobalSection(SolutionConfigurationPlatforms) = preSolution
		Debug|x64 = Debug|x64
		Debug|x86 = Debug|x86
		Release|x64 = Release|x64
		Release|x86 = Release|x86
	EndGlobalSection
	GlobalSection(ProjectConfigurationPlatforms) = postSolution
		{926756FB-1A4D-42B7-B030-9DEB90C3DD1A}.Debug|x64.ActiveCfg = Debug|x64
		{926756FB-1A4D-42B7-B030-9DEB90C3DD1A}.Debug|x64.Build.0 = Debug|x64
		{926756FB-1A4D-42B7-B030-9DEB90C3DD1A}.Debug|x86.ActiveCfg = Debug|Win32
		{926756FB-1A4D-42B7-B030-9DEB90C3DD1A}.Debug|x86.Build.0 = Debug|Win32
		{926756FB-1A4D-42B7-B030-9DEB90C3DD1A}.Release|x64.ActiveCfg = Release|x64
		{926756FB-1A4D-42B7-B030-9DEB90C3DD1A}.Release|x64.Build.0 = Release|x64
		{926756FB-1A4D-42B7-B030-9DEB90C3DD1A}.Release|x86.ActiveCfg = Release|Win32
		{926756FB-1A4D-42B7-B030-9DEB90C3DD1A}.Release|x86.Build.0 = Release|Win32
	EndGlobalSection
	GlobalSection(SolutionProperties) = preSolution
		HideSolutionNode = FALSE
	EndGlobalSection
	GlobalSection(ExtensibilityGlobals) = postSolution
		SolutionGuid = {5B50F651-BD12-476F-905E-D2D446CF9CA7}
	EndGlobalSection
EndGlobal
