
Microsoft Visual Studio Solution File, Format Version 12.00
# Visual Studio Version 16
VisualStudioVersion = 16.0.33801.447
MinimumVisualStudioVersion = 10.0.40219.1
Project("{8BC9CEB8-8B4A-11D0-8D11-00A0C91BC942}") = "CGrondin_Lab1", "CGrondin_Lab1\CGrondin_Lab1.vcxproj", "{AC6A40D7-F83E-409B-B04D-0598C2975C2D}"
EndProject
Global
	GlobalSection(SolutionConfigurationPlatforms) = preSolution
		Debug|x64 = Debug|x64
		Debug|x86 = Debug|x86
		Release|x64 = Release|x64
		Release|x86 = Release|x86
	EndGlobalSection
	GlobalSection(ProjectConfigurationPlatforms) = postSolution
		{AC6A40D7-F83E-409B-B04D-0598C2975C2D}.Debug|x64.ActiveCfg = Debug|x64
		{AC6A40D7-F83E-409B-B04D-0598C2975C2D}.Debug|x64.Build.0 = Debug|x64
		{AC6A40D7-F83E-409B-B04D-0598C2975C2D}.Debug|x86.ActiveCfg = Debug|Win32
		{AC6A40D7-F83E-409B-B04D-0598C2975C2D}.Debug|x86.Build.0 = Debug|Win32
		{AC6A40D7-F83E-409B-B04D-0598C2975C2D}.Release|x64.ActiveCfg = Release|x64
		{AC6A40D7-F83E-409B-B04D-0598C2975C2D}.Release|x64.Build.0 = Release|x64
		{AC6A40D7-F83E-409B-B04D-0598C2975C2D}.Release|x86.ActiveCfg = Release|Win32
		{AC6A40D7-F83E-409B-B04D-0598C2975C2D}.Release|x86.Build.0 = Release|Win32
	EndGlobalSection
	GlobalSection(SolutionProperties) = preSolution
		HideSolutionNode = FALSE
	EndGlobalSection
	GlobalSection(ExtensibilityGlobals) = postSolution
		SolutionGuid = {939C2FEB-6630-480D-8C19-D0DC03C973E2}
	EndGlobalSection
EndGlobal
