
Microsoft Visual Studio Solution File, Format Version 12.00
# Visual Studio Version 16
VisualStudioVersion = 16.0.33801.447
MinimumVisualStudioVersion = 10.0.40219.1
Project("{8BC9CEB8-8B4A-11D0-8D11-00A0C91BC942}") = "CGrondin_Lab7", "CGrondin_Lab7\CGrondin_Lab7.vcxproj", "{EDEDEBD3-78EB-4C39-AEEE-A7C43CECD7E5}"
EndProject
Global
	GlobalSection(SolutionConfigurationPlatforms) = preSolution
		Debug|x64 = Debug|x64
		Debug|x86 = Debug|x86
		Release|x64 = Release|x64
		Release|x86 = Release|x86
	EndGlobalSection
	GlobalSection(ProjectConfigurationPlatforms) = postSolution
		{EDEDEBD3-78EB-4C39-AEEE-A7C43CECD7E5}.Debug|x64.ActiveCfg = Debug|x64
		{EDEDEBD3-78EB-4C39-AEEE-A7C43CECD7E5}.Debug|x64.Build.0 = Debug|x64
		{EDEDEBD3-78EB-4C39-AEEE-A7C43CECD7E5}.Debug|x86.ActiveCfg = Debug|Win32
		{EDEDEBD3-78EB-4C39-AEEE-A7C43CECD7E5}.Debug|x86.Build.0 = Debug|Win32
		{EDEDEBD3-78EB-4C39-AEEE-A7C43CECD7E5}.Release|x64.ActiveCfg = Release|x64
		{EDEDEBD3-78EB-4C39-AEEE-A7C43CECD7E5}.Release|x64.Build.0 = Release|x64
		{EDEDEBD3-78EB-4C39-AEEE-A7C43CECD7E5}.Release|x86.ActiveCfg = Release|Win32
		{EDEDEBD3-78EB-4C39-AEEE-A7C43CECD7E5}.Release|x86.Build.0 = Release|Win32
	EndGlobalSection
	GlobalSection(SolutionProperties) = preSolution
		HideSolutionNode = FALSE
	EndGlobalSection
	GlobalSection(ExtensibilityGlobals) = postSolution
		SolutionGuid = {E8E9F7F7-9FCD-43DC-8D46-80B4F07606D5}
	EndGlobalSection
EndGlobal
